
Microsoft Visual Studio Solution File, Format Version 12.00
# Visual Studio Version 17
VisualStudioVersion = 17.12.35506.116
MinimumVisualStudioVersion = 10.0.40219.1
Project("{2150E333-8FDC-42A3-9474-1A3956D46DE8}") = "Src", "Src", "{119E9494-0501-4A76-9BEB-CD1D634B53B5}"
EndProject
Project("{FAE04EC0-301F-11D3-BF4B-00C04F79EFBC}") = "BookStore.Domain", "Src\BookStore.Domain\BookStore.Domain.csproj", "{5D0614D3-8CA3-4BA7-9882-678FFA4132C2}"
EndProject
Project("{FAE04EC0-301F-11D3-BF4B-00C04F79EFBC}") = "BookStore.Application", "Src\BookStore.Application\BookStore.Application.csproj", "{AEA779CD-6DA6-4CF4-B001-7F357F46B7B9}"
EndProject
Project("{FAE04EC0-301F-11D3-BF4B-00C04F79EFBC}") = "BookStore.Infrastructure", "Src\BookStore.Infrastructure\BookStore.Infrastructure.csproj", "{655F1D21-6772-4FB9-8AFA-60DDF044FDFD}"
EndProject
Project("{2150E333-8FDC-42A3-9474-1A3956D46DE8}") = "Aspire", "Aspire", "{75923272-F2BD-4C5E-B0F3-5D712B87A08B}"
EndProject
Project("{FAE04EC0-301F-11D3-BF4B-00C04F79EFBC}") = "CleanArchBlazorDemo.AppHost", "Aspire\CleanArchBlazorDemo.AppHost\CleanArchBlazorDemo.AppHost.csproj", "{04D7BC56-C905-4757-BC56-C09F01F89AF9}"
EndProject
Project("{FAE04EC0-301F-11D3-BF4B-00C04F79EFBC}") = "BookStore.Api", "Src\BookStore.Api\BookStore.Api.csproj", "{9BB43258-A67F-4A47-8D46-FD39043AC715}"
EndProject
Project("{FAE04EC0-301F-11D3-BF4B-00C04F79EFBC}") = "BookStore.ServiceDefaults", "Src\BookStore.ServiceDefaults\BookStore.ServiceDefaults.csproj", "{D7CE4139-0A10-41CB-95F4-5AF2B29E88CA}"
EndProject
Project("{2150E333-8FDC-42A3-9474-1A3956D46DE8}") = "Solution Items", "Solution Items", "{14B8B037-C114-4000-8561-EB24812A549C}"
	ProjectSection(SolutionItems) = preProject
		LICENSE.txt = LICENSE.txt
		README.md = README.md
	EndProjectSection
EndProject
Project("{FAE04EC0-301F-11D3-BF4B-00C04F79EFBC}") = "Bookstore.UI", "Src\Bookstore.UI\Bookstore.UI\Bookstore.UI.csproj", "{968F1349-8DD0-4C71-BBB6-AF8E50417326}"
EndProject
Project("{FAE04EC0-301F-11D3-BF4B-00C04F79EFBC}") = "Bookstore.UI.Client", "Src\Bookstore.UI\Bookstore.UI.Client\Bookstore.UI.Client.csproj", "{A1429745-B051-457C-820F-B3D75F78374F}"
EndProject
Global
	GlobalSection(SolutionConfigurationPlatforms) = preSolution
		Debug|Any CPU = Debug|Any CPU
		Release|Any CPU = Release|Any CPU
	EndGlobalSection
	GlobalSection(ProjectConfigurationPlatforms) = postSolution
		{5D0614D3-8CA3-4BA7-9882-678FFA4132C2}.Debug|Any CPU.ActiveCfg = Debug|Any CPU
		{5D0614D3-8CA3-4BA7-9882-678FFA4132C2}.Debug|Any CPU.Build.0 = Debug|Any CPU
		{5D0614D3-8CA3-4BA7-9882-678FFA4132C2}.Release|Any CPU.ActiveCfg = Release|Any CPU
		{5D0614D3-8CA3-4BA7-9882-678FFA4132C2}.Release|Any CPU.Build.0 = Release|Any CPU
		{AEA779CD-6DA6-4CF4-B001-7F357F46B7B9}.Debug|Any CPU.ActiveCfg = Debug|Any CPU
		{AEA779CD-6DA6-4CF4-B001-7F357F46B7B9}.Debug|Any CPU.Build.0 = Debug|Any CPU
		{AEA779CD-6DA6-4CF4-B001-7F357F46B7B9}.Release|Any CPU.ActiveCfg = Release|Any CPU
		{AEA779CD-6DA6-4CF4-B001-7F357F46B7B9}.Release|Any CPU.Build.0 = Release|Any CPU
		{655F1D21-6772-4FB9-8AFA-60DDF044FDFD}.Debug|Any CPU.ActiveCfg = Debug|Any CPU
		{655F1D21-6772-4FB9-8AFA-60DDF044FDFD}.Debug|Any CPU.Build.0 = Debug|Any CPU
		{655F1D21-6772-4FB9-8AFA-60DDF044FDFD}.Release|Any CPU.ActiveCfg = Release|Any CPU
		{655F1D21-6772-4FB9-8AFA-60DDF044FDFD}.Release|Any CPU.Build.0 = Release|Any CPU
		{04D7BC56-C905-4757-BC56-C09F01F89AF9}.Debug|Any CPU.ActiveCfg = Debug|Any CPU
		{04D7BC56-C905-4757-BC56-C09F01F89AF9}.Debug|Any CPU.Build.0 = Debug|Any CPU
		{04D7BC56-C905-4757-BC56-C09F01F89AF9}.Release|Any CPU.ActiveCfg = Release|Any CPU
		{04D7BC56-C905-4757-BC56-C09F01F89AF9}.Release|Any CPU.Build.0 = Release|Any CPU
		{9BB43258-A67F-4A47-8D46-FD39043AC715}.Debug|Any CPU.ActiveCfg = Debug|Any CPU
		{9BB43258-A67F-4A47-8D46-FD39043AC715}.Debug|Any CPU.Build.0 = Debug|Any CPU
		{9BB43258-A67F-4A47-8D46-FD39043AC715}.Release|Any CPU.ActiveCfg = Release|Any CPU
		{9BB43258-A67F-4A47-8D46-FD39043AC715}.Release|Any CPU.Build.0 = Release|Any CPU
		{D7CE4139-0A10-41CB-95F4-5AF2B29E88CA}.Debug|Any CPU.ActiveCfg = Debug|Any CPU
		{D7CE4139-0A10-41CB-95F4-5AF2B29E88CA}.Debug|Any CPU.Build.0 = Debug|Any CPU
		{D7CE4139-0A10-41CB-95F4-5AF2B29E88CA}.Release|Any CPU.ActiveCfg = Release|Any CPU
		{D7CE4139-0A10-41CB-95F4-5AF2B29E88CA}.Release|Any CPU.Build.0 = Release|Any CPU
		{968F1349-8DD0-4C71-BBB6-AF8E50417326}.Debug|Any CPU.ActiveCfg = Debug|Any CPU
		{968F1349-8DD0-4C71-BBB6-AF8E50417326}.Debug|Any CPU.Build.0 = Debug|Any CPU
		{968F1349-8DD0-4C71-BBB6-AF8E50417326}.Release|Any CPU.ActiveCfg = Release|Any CPU
		{968F1349-8DD0-4C71-BBB6-AF8E50417326}.Release|Any CPU.Build.0 = Release|Any CPU
		{A1429745-B051-457C-820F-B3D75F78374F}.Debug|Any CPU.ActiveCfg = Debug|Any CPU
		{A1429745-B051-457C-820F-B3D75F78374F}.Debug|Any CPU.Build.0 = Debug|Any CPU
		{A1429745-B051-457C-820F-B3D75F78374F}.Release|Any CPU.ActiveCfg = Release|Any CPU
		{A1429745-B051-457C-820F-B3D75F78374F}.Release|Any CPU.Build.0 = Release|Any CPU
	EndGlobalSection
	GlobalSection(SolutionProperties) = preSolution
		HideSolutionNode = FALSE
	EndGlobalSection
	GlobalSection(NestedProjects) = preSolution
		{5D0614D3-8CA3-4BA7-9882-678FFA4132C2} = {119E9494-0501-4A76-9BEB-CD1D634B53B5}
		{AEA779CD-6DA6-4CF4-B001-7F357F46B7B9} = {119E9494-0501-4A76-9BEB-CD1D634B53B5}
		{655F1D21-6772-4FB9-8AFA-60DDF044FDFD} = {119E9494-0501-4A76-9BEB-CD1D634B53B5}
		{04D7BC56-C905-4757-BC56-C09F01F89AF9} = {75923272-F2BD-4C5E-B0F3-5D712B87A08B}
		{9BB43258-A67F-4A47-8D46-FD39043AC715} = {119E9494-0501-4A76-9BEB-CD1D634B53B5}
		{D7CE4139-0A10-41CB-95F4-5AF2B29E88CA} = {119E9494-0501-4A76-9BEB-CD1D634B53B5}
		{968F1349-8DD0-4C71-BBB6-AF8E50417326} = {119E9494-0501-4A76-9BEB-CD1D634B53B5}
		{A1429745-B051-457C-820F-B3D75F78374F} = {119E9494-0501-4A76-9BEB-CD1D634B53B5}
	EndGlobalSection
EndGlobal
